
Microsoft Visual Studio Solution File, Format Version 12.00
# Visual Studio Version 16
VisualStudioVersion = 16.0.32510.428
MinimumVisualStudioVersion = 10.0.40219.1
Project("{2150E333-8FDC-42A3-9474-1A3956D46DE8}") = "CapaEntidad", "CapaEntidad", "{91A53620-D6A7-423D-AF5F-DFD1EBBD8E90}"
EndProject
Project("{2150E333-8FDC-42A3-9474-1A3956D46DE8}") = "CapaLogica", "CapaLogica", "{577FB8E6-769B-4014-B4BF-706572B8798E}"
EndProject
Project("{2150E333-8FDC-42A3-9474-1A3956D46DE8}") = "CapaPresentacion", "CapaPresentacion", "{EB51F2E8-AFC0-48E8-868F-4A3A6989AA10}"
EndProject
Project("{2150E333-8FDC-42A3-9474-1A3956D46DE8}") = "CapaAccesoDatos", "CapaAccesoDatos", "{488D6246-FF46-4AB0-BC44-AC1F4AA7707F}"
EndProject
Project("{FAE04EC0-301F-11D3-BF4B-00C04F79EFBC}") = "AccesoDatos", "AccesoDatos\AccesoDatos.csproj", "{F94C8C55-694F-4E7C-B9B6-6D6DC6D1B7E0}"
EndProject
Project("{FAE04EC0-301F-11D3-BF4B-00C04F79EFBC}") = "entCliente", "entCliente\entCliente.csproj", "{621A0B1D-C397-4ABA-B09B-23C6B2551697}"
EndProject
Project("{FAE04EC0-301F-11D3-BF4B-00C04F79EFBC}") = "entCiudad", "entCiudad\entCiudad.csproj", "{C8BA6DCF-B80C-453B-B764-8999F4EB91C6}"
EndProject
Project("{FAE04EC0-301F-11D3-BF4B-00C04F79EFBC}") = "entTipoCliente", "entTipoCliente\entTipoCliente.csproj", "{3A713EC5-33F5-4B8A-B65C-636B34D3D90E}"
EndProject
Project("{FAE04EC0-301F-11D3-BF4B-00C04F79EFBC}") = "entEstadoCliente", "entEstadoCliente\entEstadoCliente.csproj", "{31B2A660-631B-433B-8A32-0D8137F87757}"
EndProject
Project("{FAE04EC0-301F-11D3-BF4B-00C04F79EFBC}") = "LogicaNegocio", "LogicaNegocio\LogicaNegocio.csproj", "{3C4FE91D-BE19-45A3-89C4-B84F0D87F55A}"
EndProject
Project("{FAE04EC0-301F-11D3-BF4B-00C04F79EFBC}") = "SistemaWeb", "SistemaWeb\SistemaWeb.csproj", "{C4444591-B698-447D-9B23-9B2F6E06823A}"
EndProject
Project("{FAE04EC0-301F-11D3-BF4B-00C04F79EFBC}") = "entServicio", "entServicio\entServicio.csproj", "{D307F40F-3B99-483C-975D-739BDC456AA6}"
EndProject
Project("{FAE04EC0-301F-11D3-BF4B-00C04F79EFBC}") = "entHabitacion", "entHabitacion\entHabitacion.csproj", "{6AD1BB58-FB5B-4A12-B980-BD6319BDAA3C}"
EndProject
Project("{FAE04EC0-301F-11D3-BF4B-00C04F79EFBC}") = "entEstadoHabitacion", "entEstadoHabitacion\entEstadoHabitacion.csproj", "{F242E5DF-6AD2-49C9-9474-DBF0DA60DA4D}"
EndProject
Project("{FAE04EC0-301F-11D3-BF4B-00C04F79EFBC}") = "entTipoHabitacion", "entTipoHabitacion\entTipoHabitacion.csproj", "{96515416-1A47-44EB-ADAE-F51E5C01DC6A}"
EndProject
Project("{FAE04EC0-301F-11D3-BF4B-00C04F79EFBC}") = "entUsuario", "entUsuario\entUsuario.csproj", "{3380331A-C11B-430D-B036-5FDE137D7688}"
EndProject
Project("{FAE04EC0-301F-11D3-BF4B-00C04F79EFBC}") = "entReserva", "entReserva\entReserva.csproj", "{C43F15C8-E034-4E90-81F3-0FD5487B183F}"
EndProject
Project("{FAE04EC0-301F-11D3-BF4B-00C04F79EFBC}") = "entEstadoReserva", "entEstadoReserva\entEstadoReserva.csproj", "{C07D2AD8-7FBE-4FDB-B09D-37B3C9FBC89D}"
EndProject
Global
	GlobalSection(SolutionConfigurationPlatforms) = preSolution
		Debug|Any CPU = Debug|Any CPU
		Release|Any CPU = Release|Any CPU
	EndGlobalSection
	GlobalSection(ProjectConfigurationPlatforms) = postSolution
		{F94C8C55-694F-4E7C-B9B6-6D6DC6D1B7E0}.Debug|Any CPU.ActiveCfg = Debug|Any CPU
		{F94C8C55-694F-4E7C-B9B6-6D6DC6D1B7E0}.Debug|Any CPU.Build.0 = Debug|Any CPU
		{F94C8C55-694F-4E7C-B9B6-6D6DC6D1B7E0}.Release|Any CPU.ActiveCfg = Release|Any CPU
		{F94C8C55-694F-4E7C-B9B6-6D6DC6D1B7E0}.Release|Any CPU.Build.0 = Release|Any CPU
		{621A0B1D-C397-4ABA-B09B-23C6B2551697}.Debug|Any CPU.ActiveCfg = Debug|Any CPU
		{621A0B1D-C397-4ABA-B09B-23C6B2551697}.Debug|Any CPU.Build.0 = Debug|Any CPU
		{621A0B1D-C397-4ABA-B09B-23C6B2551697}.Release|Any CPU.ActiveCfg = Release|Any CPU
		{621A0B1D-C397-4ABA-B09B-23C6B2551697}.Release|Any CPU.Build.0 = Release|Any CPU
		{C8BA6DCF-B80C-453B-B764-8999F4EB91C6}.Debug|Any CPU.ActiveCfg = Debug|Any CPU
		{C8BA6DCF-B80C-453B-B764-8999F4EB91C6}.Debug|Any CPU.Build.0 = Debug|Any CPU
		{C8BA6DCF-B80C-453B-B764-8999F4EB91C6}.Release|Any CPU.ActiveCfg = Release|Any CPU
		{C8BA6DCF-B80C-453B-B764-8999F4EB91C6}.Release|Any CPU.Build.0 = Release|Any CPU
		{3A713EC5-33F5-4B8A-B65C-636B34D3D90E}.Debug|Any CPU.ActiveCfg = Debug|Any CPU
		{3A713EC5-33F5-4B8A-B65C-636B34D3D90E}.Debug|Any CPU.Build.0 = Debug|Any CPU
		{3A713EC5-33F5-4B8A-B65C-636B34D3D90E}.Release|Any CPU.ActiveCfg = Release|Any CPU
		{3A713EC5-33F5-4B8A-B65C-636B34D3D90E}.Release|Any CPU.Build.0 = Release|Any CPU
		{31B2A660-631B-433B-8A32-0D8137F87757}.Debug|Any CPU.ActiveCfg = Debug|Any CPU
		{31B2A660-631B-433B-8A32-0D8137F87757}.Debug|Any CPU.Build.0 = Debug|Any CPU
		{31B2A660-631B-433B-8A32-0D8137F87757}.Release|Any CPU.ActiveCfg = Release|Any CPU
		{31B2A660-631B-433B-8A32-0D8137F87757}.Release|Any CPU.Build.0 = Release|Any CPU
		{3C4FE91D-BE19-45A3-89C4-B84F0D87F55A}.Debug|Any CPU.ActiveCfg = Debug|Any CPU
		{3C4FE91D-BE19-45A3-89C4-B84F0D87F55A}.Debug|Any CPU.Build.0 = Debug|Any CPU
		{3C4FE91D-BE19-45A3-89C4-B84F0D87F55A}.Release|Any CPU.ActiveCfg = Release|Any CPU
		{3C4FE91D-BE19-45A3-89C4-B84F0D87F55A}.Release|Any CPU.Build.0 = Release|Any CPU
		{C4444591-B698-447D-9B23-9B2F6E06823A}.Debug|Any CPU.ActiveCfg = Debug|Any CPU
		{C4444591-B698-447D-9B23-9B2F6E06823A}.Debug|Any CPU.Build.0 = Debug|Any CPU
		{C4444591-B698-447D-9B23-9B2F6E06823A}.Release|Any CPU.ActiveCfg = Release|Any CPU
		{C4444591-B698-447D-9B23-9B2F6E06823A}.Release|Any CPU.Build.0 = Release|Any CPU
		{D307F40F-3B99-483C-975D-739BDC456AA6}.Debug|Any CPU.ActiveCfg = Debug|Any CPU
		{D307F40F-3B99-483C-975D-739BDC456AA6}.Debug|Any CPU.Build.0 = Debug|Any CPU
		{D307F40F-3B99-483C-975D-739BDC456AA6}.Release|Any CPU.ActiveCfg = Release|Any CPU
		{D307F40F-3B99-483C-975D-739BDC456AA6}.Release|Any CPU.Build.0 = Release|Any CPU
		{6AD1BB58-FB5B-4A12-B980-BD6319BDAA3C}.Debug|Any CPU.ActiveCfg = Debug|Any CPU
		{6AD1BB58-FB5B-4A12-B980-BD6319BDAA3C}.Debug|Any CPU.Build.0 = Debug|Any CPU
		{6AD1BB58-FB5B-4A12-B980-BD6319BDAA3C}.Release|Any CPU.ActiveCfg = Release|Any CPU
		{6AD1BB58-FB5B-4A12-B980-BD6319BDAA3C}.Release|Any CPU.Build.0 = Release|Any CPU
		{F242E5DF-6AD2-49C9-9474-DBF0DA60DA4D}.Debug|Any CPU.ActiveCfg = Debug|Any CPU
		{F242E5DF-6AD2-49C9-9474-DBF0DA60DA4D}.Debug|Any CPU.Build.0 = Debug|Any CPU
		{F242E5DF-6AD2-49C9-9474-DBF0DA60DA4D}.Release|Any CPU.ActiveCfg = Release|Any CPU
		{F242E5DF-6AD2-49C9-9474-DBF0DA60DA4D}.Release|Any CPU.Build.0 = Release|Any CPU
		{96515416-1A47-44EB-ADAE-F51E5C01DC6A}.Debug|Any CPU.ActiveCfg = Debug|Any CPU
		{96515416-1A47-44EB-ADAE-F51E5C01DC6A}.Debug|Any CPU.Build.0 = Debug|Any CPU
		{96515416-1A47-44EB-ADAE-F51E5C01DC6A}.Release|Any CPU.ActiveCfg = Release|Any CPU
		{96515416-1A47-44EB-ADAE-F51E5C01DC6A}.Release|Any CPU.Build.0 = Release|Any CPU
		{3380331A-C11B-430D-B036-5FDE137D7688}.Debug|Any CPU.ActiveCfg = Debug|Any CPU
		{3380331A-C11B-430D-B036-5FDE137D7688}.Debug|Any CPU.Build.0 = Debug|Any CPU
		{3380331A-C11B-430D-B036-5FDE137D7688}.Release|Any CPU.ActiveCfg = Release|Any CPU
		{3380331A-C11B-430D-B036-5FDE137D7688}.Release|Any CPU.Build.0 = Release|Any CPU
		{C43F15C8-E034-4E90-81F3-0FD5487B183F}.Debug|Any CPU.ActiveCfg = Debug|Any CPU
		{C43F15C8-E034-4E90-81F3-0FD5487B183F}.Debug|Any CPU.Build.0 = Debug|Any CPU
		{C43F15C8-E034-4E90-81F3-0FD5487B183F}.Release|Any CPU.ActiveCfg = Release|Any CPU
		{C43F15C8-E034-4E90-81F3-0FD5487B183F}.Release|Any CPU.Build.0 = Release|Any CPU
		{C07D2AD8-7FBE-4FDB-B09D-37B3C9FBC89D}.Debug|Any CPU.ActiveCfg = Debug|Any CPU
		{C07D2AD8-7FBE-4FDB-B09D-37B3C9FBC89D}.Debug|Any CPU.Build.0 = Debug|Any CPU
		{C07D2AD8-7FBE-4FDB-B09D-37B3C9FBC89D}.Release|Any CPU.ActiveCfg = Release|Any CPU
		{C07D2AD8-7FBE-4FDB-B09D-37B3C9FBC89D}.Release|Any CPU.Build.0 = Release|Any CPU
	EndGlobalSection
	GlobalSection(SolutionProperties) = preSolution
		HideSolutionNode = FALSE
	EndGlobalSection
	GlobalSection(NestedProjects) = preSolution
		{F94C8C55-694F-4E7C-B9B6-6D6DC6D1B7E0} = {488D6246-FF46-4AB0-BC44-AC1F4AA7707F}
		{621A0B1D-C397-4ABA-B09B-23C6B2551697} = {91A53620-D6A7-423D-AF5F-DFD1EBBD8E90}
		{C8BA6DCF-B80C-453B-B764-8999F4EB91C6} = {91A53620-D6A7-423D-AF5F-DFD1EBBD8E90}
		{3A713EC5-33F5-4B8A-B65C-636B34D3D90E} = {91A53620-D6A7-423D-AF5F-DFD1EBBD8E90}
		{31B2A660-631B-433B-8A32-0D8137F87757} = {91A53620-D6A7-423D-AF5F-DFD1EBBD8E90}
		{3C4FE91D-BE19-45A3-89C4-B84F0D87F55A} = {577FB8E6-769B-4014-B4BF-706572B8798E}
		{C4444591-B698-447D-9B23-9B2F6E06823A} = {EB51F2E8-AFC0-48E8-868F-4A3A6989AA10}
		{D307F40F-3B99-483C-975D-739BDC456AA6} = {91A53620-D6A7-423D-AF5F-DFD1EBBD8E90}
		{6AD1BB58-FB5B-4A12-B980-BD6319BDAA3C} = {91A53620-D6A7-423D-AF5F-DFD1EBBD8E90}
		{F242E5DF-6AD2-49C9-9474-DBF0DA60DA4D} = {91A53620-D6A7-423D-AF5F-DFD1EBBD8E90}
		{96515416-1A47-44EB-ADAE-F51E5C01DC6A} = {91A53620-D6A7-423D-AF5F-DFD1EBBD8E90}
		{3380331A-C11B-430D-B036-5FDE137D7688} = {91A53620-D6A7-423D-AF5F-DFD1EBBD8E90}
		{C43F15C8-E034-4E90-81F3-0FD5487B183F} = {91A53620-D6A7-423D-AF5F-DFD1EBBD8E90}
		{C07D2AD8-7FBE-4FDB-B09D-37B3C9FBC89D} = {91A53620-D6A7-423D-AF5F-DFD1EBBD8E90}
	EndGlobalSection
	GlobalSection(ExtensibilityGlobals) = postSolution
		SolutionGuid = {4A378217-C0AA-4EEF-9332-D6DFEAE022CB}
	EndGlobalSection
EndGlobal
